// !$*UTF8*$!
{
	archiveVersion = 1;
	classes = {
	};
	objectVersion = 46;
	objects = {

/* Begin PBXBuildFile section */
		1815E4251D1EB5A200C1B887 /* AppDelegate.swift in Sources */ = {isa = PBXBuildFile; fileRef = 1815E4241D1EB5A200C1B887 /* AppDelegate.swift */; };
		1815E4271D1EB5A200C1B887 /* ViewController.swift in Sources */ = {isa = PBXBuildFile; fileRef = 1815E4261D1EB5A200C1B887 /* ViewController.swift */; };
		1815E42A1D1EB5A200C1B887 /* Main.storyboard in Resources */ = {isa = PBXBuildFile; fileRef = 1815E4281D1EB5A200C1B887 /* Main.storyboard */; };
		1815E42C1D1EB5A200C1B887 /* Assets.xcassets in Resources */ = {isa = PBXBuildFile; fileRef = 1815E42B1D1EB5A200C1B887 /* Assets.xcassets */; };
		1815E42F1D1EB5A200C1B887 /* LaunchScreen.storyboard in Resources */ = {isa = PBXBuildFile; fileRef = 1815E42D1D1EB5A200C1B887 /* LaunchScreen.storyboard */; };
		1815E43A1D1EB5A200C1B887 /* NRxSwiftDemoTests.swift in Sources */ = {isa = PBXBuildFile; fileRef = 1815E4391D1EB5A200C1B887 /* NRxSwiftDemoTests.swift */; };
		1815E4451D1EB5A200C1B887 /* NRxSwiftDemoUITests.swift in Sources */ = {isa = PBXBuildFile; fileRef = 1815E4441D1EB5A200C1B887 /* NRxSwiftDemoUITests.swift */; };
		1815E4551D1ED44400C1B887 /* RxSwift.framework in Frameworks */ = {isa = PBXBuildFile; fileRef = 1815E4541D1ED44400C1B887 /* RxSwift.framework */; };
		1815E4561D1ED44400C1B887 /* RxSwift.framework in Embed Frameworks */ = {isa = PBXBuildFile; fileRef = 1815E4541D1ED44400C1B887 /* RxSwift.framework */; settings = {ATTRIBUTES = (CodeSignOnCopy, RemoveHeadersOnCopy, ); }; };
		1815E4591D1ED44D00C1B887 /* NRxSwift.framework in Frameworks */ = {isa = PBXBuildFile; fileRef = 1815E4581D1ED44D00C1B887 /* NRxSwift.framework */; };
/* End PBXBuildFile section */

/* Begin PBXContainerItemProxy section */
		1815E4361D1EB5A200C1B887 /* PBXContainerItemProxy */ = {
			isa = PBXContainerItemProxy;
			containerPortal = 1815E4191D1EB5A200C1B887 /* Project object */;
			proxyType = 1;
			remoteGlobalIDString = 1815E4201D1EB5A200C1B887;
			remoteInfo = NRxSwiftDemo;
		};
		1815E4411D1EB5A200C1B887 /* PBXContainerItemProxy */ = {
			isa = PBXContainerItemProxy;
			containerPortal = 1815E4191D1EB5A200C1B887 /* Project object */;
			proxyType = 1;
			remoteGlobalIDString = 1815E4201D1EB5A200C1B887;
			remoteInfo = NRxSwiftDemo;
		};
/* End PBXContainerItemProxy section */

/* Begin PBXCopyFilesBuildPhase section */
		1815E4571D1ED44400C1B887 /* Embed Frameworks */ = {
			isa = PBXCopyFilesBuildPhase;
			buildActionMask = 2147483647;
			dstPath = "";
			dstSubfolderSpec = 10;
			files = (
				1815E4561D1ED44400C1B887 /* RxSwift.framework in Embed Frameworks */,
			);
			name = "Embed Frameworks";
			runOnlyForDeploymentPostprocessing = 0;
		};
/* End PBXCopyFilesBuildPhase section */

/* Begin PBXFileReference section */
		1815E4211D1EB5A200C1B887 /* NRxSwiftDemo.app */ = {isa = PBXFileReference; explicitFileType = wrapper.application; includeInIndex = 0; path = NRxSwiftDemo.app; sourceTree = BUILT_PRODUCTS_DIR; };
		1815E4241D1EB5A200C1B887 /* AppDelegate.swift */ = {isa = PBXFileReference; lastKnownFileType = sourcecode.swift; path = AppDelegate.swift; sourceTree = "<group>"; };
		1815E4261D1EB5A200C1B887 /* ViewController.swift */ = {isa = PBXFileReference; lastKnownFileType = sourcecode.swift; path = ViewController.swift; sourceTree = "<group>"; };
		1815E4291D1EB5A200C1B887 /* Base */ = {isa = PBXFileReference; lastKnownFileType = file.storyboard; name = Base; path = Base.lproj/Main.storyboard; sourceTree = "<group>"; };
		1815E42B1D1EB5A200C1B887 /* Assets.xcassets */ = {isa = PBXFileReference; lastKnownFileType = folder.assetcatalog; path = Assets.xcassets; sourceTree = "<group>"; };
		1815E42E1D1EB5A200C1B887 /* Base */ = {isa = PBXFileReference; lastKnownFileType = file.storyboard; name = Base; path = Base.lproj/LaunchScreen.storyboard; sourceTree = "<group>"; };
		1815E4301D1EB5A200C1B887 /* Info.plist */ = {isa = PBXFileReference; lastKnownFileType = text.plist.xml; path = Info.plist; sourceTree = "<group>"; };
		1815E4351D1EB5A200C1B887 /* NRxSwiftDemoTests.xctest */ = {isa = PBXFileReference; explicitFileType = wrapper.cfbundle; includeInIndex = 0; path = NRxSwiftDemoTests.xctest; sourceTree = BUILT_PRODUCTS_DIR; };
		1815E4391D1EB5A200C1B887 /* NRxSwiftDemoTests.swift */ = {isa = PBXFileReference; lastKnownFileType = sourcecode.swift; path = NRxSwiftDemoTests.swift; sourceTree = "<group>"; };
		1815E43B1D1EB5A200C1B887 /* Info.plist */ = {isa = PBXFileReference; lastKnownFileType = text.plist.xml; path = Info.plist; sourceTree = "<group>"; };
		1815E4401D1EB5A200C1B887 /* NRxSwiftDemoUITests.xctest */ = {isa = PBXFileReference; explicitFileType = wrapper.cfbundle; includeInIndex = 0; path = NRxSwiftDemoUITests.xctest; sourceTree = BUILT_PRODUCTS_DIR; };
		1815E4441D1EB5A200C1B887 /* NRxSwiftDemoUITests.swift */ = {isa = PBXFileReference; lastKnownFileType = sourcecode.swift; path = NRxSwiftDemoUITests.swift; sourceTree = "<group>"; };
		1815E4461D1EB5A200C1B887 /* Info.plist */ = {isa = PBXFileReference; lastKnownFileType = text.plist.xml; path = Info.plist; sourceTree = "<group>"; };
		1815E4541D1ED44400C1B887 /* RxSwift.framework */ = {isa = PBXFileReference; lastKnownFileType = wrapper.framework; name = RxSwift.framework; path = ../Carthage/Build/iOS/RxSwift.framework; sourceTree = "<group>"; };
		1815E4581D1ED44D00C1B887 /* NRxSwift.framework */ = {isa = PBXFileReference; lastKnownFileType = wrapper.framework; name = NRxSwift.framework; path = "../NRxSwift/build/Debug-iphoneos/NRxSwift.framework"; sourceTree = "<group>"; };
/* End PBXFileReference section */

/* Begin PBXFrameworksBuildPhase section */
		1815E41E1D1EB5A200C1B887 /* Frameworks */ = {
			isa = PBXFrameworksBuildPhase;
			buildActionMask = 2147483647;
			files = (
				1815E4591D1ED44D00C1B887 /* NRxSwift.framework in Frameworks */,
				1815E4551D1ED44400C1B887 /* RxSwift.framework in Frameworks */,
			);
			runOnlyForDeploymentPostprocessing = 0;
		};
		1815E4321D1EB5A200C1B887 /* Frameworks */ = {
			isa = PBXFrameworksBuildPhase;
			buildActionMask = 2147483647;
			files = (
			);
			runOnlyForDeploymentPostprocessing = 0;
		};
		1815E43D1D1EB5A200C1B887 /* Frameworks */ = {
			isa = PBXFrameworksBuildPhase;
			buildActionMask = 2147483647;
			files = (
			);
			runOnlyForDeploymentPostprocessing = 0;
		};
/* End PBXFrameworksBuildPhase section */

/* Begin PBXGroup section */
		1815E4181D1EB5A200C1B887 = {
			isa = PBXGroup;
			children = (
				1815E4581D1ED44D00C1B887 /* NRxSwift.framework */,
				1815E4541D1ED44400C1B887 /* RxSwift.framework */,
				1815E4231D1EB5A200C1B887 /* NRxSwiftDemo */,
				1815E4381D1EB5A200C1B887 /* NRxSwiftDemoTests */,
				1815E4431D1EB5A200C1B887 /* NRxSwiftDemoUITests */,
				1815E4221D1EB5A200C1B887 /* Products */,
			);
			sourceTree = "<group>";
		};
		1815E4221D1EB5A200C1B887 /* Products */ = {
			isa = PBXGroup;
			children = (
				1815E4211D1EB5A200C1B887 /* NRxSwiftDemo.app */,
				1815E4351D1EB5A200C1B887 /* NRxSwiftDemoTests.xctest */,
				1815E4401D1EB5A200C1B887 /* NRxSwiftDemoUITests.xctest */,
			);
			name = Products;
			sourceTree = "<group>";
		};
		1815E4231D1EB5A200C1B887 /* NRxSwiftDemo */ = {
			isa = PBXGroup;
			children = (
				1815E4241D1EB5A200C1B887 /* AppDelegate.swift */,
				1815E4261D1EB5A200C1B887 /* ViewController.swift */,
				1815E4281D1EB5A200C1B887 /* Main.storyboard */,
				1815E42B1D1EB5A200C1B887 /* Assets.xcassets */,
				1815E42D1D1EB5A200C1B887 /* LaunchScreen.storyboard */,
				1815E4301D1EB5A200C1B887 /* Info.plist */,
			);
			path = NRxSwiftDemo;
			sourceTree = "<group>";
		};
		1815E4381D1EB5A200C1B887 /* NRxSwiftDemoTests */ = {
			isa = PBXGroup;
			children = (
				1815E4391D1EB5A200C1B887 /* NRxSwiftDemoTests.swift */,
				1815E43B1D1EB5A200C1B887 /* Info.plist */,
			);
			path = NRxSwiftDemoTests;
			sourceTree = "<group>";
		};
		1815E4431D1EB5A200C1B887 /* NRxSwiftDemoUITests */ = {
			isa = PBXGroup;
			children = (
				1815E4441D1EB5A200C1B887 /* NRxSwiftDemoUITests.swift */,
				1815E4461D1EB5A200C1B887 /* Info.plist */,
			);
			path = NRxSwiftDemoUITests;
			sourceTree = "<group>";
		};
/* End PBXGroup section */

/* Begin PBXNativeTarget section */
		1815E4201D1EB5A200C1B887 /* NRxSwiftDemo */ = {
			isa = PBXNativeTarget;
			buildConfigurationList = 1815E4491D1EB5A200C1B887 /* Build configuration list for PBXNativeTarget "NRxSwiftDemo" */;
			buildPhases = (
				1815E41D1D1EB5A200C1B887 /* Sources */,
				1815E41E1D1EB5A200C1B887 /* Frameworks */,
				1815E41F1D1EB5A200C1B887 /* Resources */,
				1815E4571D1ED44400C1B887 /* Embed Frameworks */,
			);
			buildRules = (
			);
			dependencies = (
			);
			name = NRxSwiftDemo;
			productName = NRxSwiftDemo;
			productReference = 1815E4211D1EB5A200C1B887 /* NRxSwiftDemo.app */;
			productType = "com.apple.product-type.application";
		};
		1815E4341D1EB5A200C1B887 /* NRxSwiftDemoTests */ = {
			isa = PBXNativeTarget;
			buildConfigurationList = 1815E44C1D1EB5A200C1B887 /* Build configuration list for PBXNativeTarget "NRxSwiftDemoTests" */;
			buildPhases = (
				1815E4311D1EB5A200C1B887 /* Sources */,
				1815E4321D1EB5A200C1B887 /* Frameworks */,
				1815E4331D1EB5A200C1B887 /* Resources */,
			);
			buildRules = (
			);
			dependencies = (
				1815E4371D1EB5A200C1B887 /* PBXTargetDependency */,
			);
			name = NRxSwiftDemoTests;
			productName = NRxSwiftDemoTests;
			productReference = 1815E4351D1EB5A200C1B887 /* NRxSwiftDemoTests.xctest */;
			productType = "com.apple.product-type.bundle.unit-test";
		};
		1815E43F1D1EB5A200C1B887 /* NRxSwiftDemoUITests */ = {
			isa = PBXNativeTarget;
			buildConfigurationList = 1815E44F1D1EB5A200C1B887 /* Build configuration list for PBXNativeTarget "NRxSwiftDemoUITests" */;
			buildPhases = (
				1815E43C1D1EB5A200C1B887 /* Sources */,
				1815E43D1D1EB5A200C1B887 /* Frameworks */,
				1815E43E1D1EB5A200C1B887 /* Resources */,
			);
			buildRules = (
			);
			dependencies = (
				1815E4421D1EB5A200C1B887 /* PBXTargetDependency */,
			);
			name = NRxSwiftDemoUITests;
			productName = NRxSwiftDemoUITests;
			productReference = 1815E4401D1EB5A200C1B887 /* NRxSwiftDemoUITests.xctest */;
			productType = "com.apple.product-type.bundle.ui-testing";
		};
/* End PBXNativeTarget section */

/* Begin PBXProject section */
		1815E4191D1EB5A200C1B887 /* Project object */ = {
			isa = PBXProject;
			attributes = {
				LastSwiftUpdateCheck = 0730;
				LastUpgradeCheck = 0730;
				ORGANIZATIONNAME = "Nghia Nguyen";
				TargetAttributes = {
					1815E4201D1EB5A200C1B887 = {
						CreatedOnToolsVersion = 7.3.1;
					};
					1815E4341D1EB5A200C1B887 = {
						CreatedOnToolsVersion = 7.3.1;
						TestTargetID = 1815E4201D1EB5A200C1B887;
					};
					1815E43F1D1EB5A200C1B887 = {
						CreatedOnToolsVersion = 7.3.1;
						TestTargetID = 1815E4201D1EB5A200C1B887;
					};
				};
			};
			buildConfigurationList = 1815E41C1D1EB5A200C1B887 /* Build configuration list for PBXProject "NRxSwiftDemo" */;
			compatibilityVersion = "Xcode 3.2";
			developmentRegion = English;
			hasScannedForEncodings = 0;
			knownRegions = (
				en,
				Base,
			);
			mainGroup = 1815E4181D1EB5A200C1B887;
			productRefGroup = 1815E4221D1EB5A200C1B887 /* Products */;
			projectDirPath = "";
			projectRoot = "";
			targets = (
				1815E4201D1EB5A200C1B887 /* NRxSwiftDemo */,
				1815E4341D1EB5A200C1B887 /* NRxSwiftDemoTests */,
				1815E43F1D1EB5A200C1B887 /* NRxSwiftDemoUITests */,
			);
		};
/* End PBXProject section */

/* Begin PBXResourcesBuildPhase section */
		1815E41F1D1EB5A200C1B887 /* Resources */ = {
			isa = PBXResourcesBuildPhase;
			buildActionMask = 2147483647;
			files = (
				1815E42F1D1EB5A200C1B887 /* LaunchScreen.storyboard in Resources */,
				1815E42C1D1EB5A200C1B887 /* Assets.xcassets in Resources */,
				1815E42A1D1EB5A200C1B887 /* Main.storyboard in Resources */,
			);
			runOnlyForDeploymentPostprocessing = 0;
		};
		1815E4331D1EB5A200C1B887 /* Resources */ = {
			isa = PBXResourcesBuildPhase;
			buildActionMask = 2147483647;
			files = (
			);
			runOnlyForDeploymentPostprocessing = 0;
		};
		1815E43E1D1EB5A200C1B887 /* Resources */ = {
			isa = PBXResourcesBuildPhase;
			buildActionMask = 2147483647;
			files = (
			);
			runOnlyForDeploymentPostprocessing = 0;
		};
/* End PBXResourcesBuildPhase section */

/* Begin PBXSourcesBuildPhase section */
		1815E41D1D1EB5A200C1B887 /* Sources */ = {
			isa = PBXSourcesBuildPhase;
			buildActionMask = 2147483647;
			files = (
				1815E4271D1EB5A200C1B887 /* ViewController.swift in Sources */,
				1815E4251D1EB5A200C1B887 /* AppDelegate.swift in Sources */,
			);
			runOnlyForDeploymentPostprocessing = 0;
		};
		1815E4311D1EB5A200C1B887 /* Sources */ = {
			isa = PBXSourcesBuildPhase;
			buildActionMask = 2147483647;
			files = (
				1815E43A1D1EB5A200C1B887 /* NRxSwiftDemoTests.swift in Sources */,
			);
			runOnlyForDeploymentPostprocessing = 0;
		};
		1815E43C1D1EB5A200C1B887 /* Sources */ = {
			isa = PBXSourcesBuildPhase;
			buildActionMask = 2147483647;
			files = (
				1815E4451D1EB5A200C1B887 /* NRxSwiftDemoUITests.swift in Sources */,
			);
			runOnlyForDeploymentPostprocessing = 0;
		};
/* End PBXSourcesBuildPhase section */

/* Begin PBXTargetDependency section */
		1815E4371D1EB5A200C1B887 /* PBXTargetDependency */ = {
			isa = PBXTargetDependency;
			target = 1815E4201D1EB5A200C1B887 /* NRxSwiftDemo */;
			targetProxy = 1815E4361D1EB5A200C1B887 /* PBXContainerItemProxy */;
		};
		1815E4421D1EB5A200C1B887 /* PBXTargetDependency */ = {
			isa = PBXTargetDependency;
			target = 1815E4201D1EB5A200C1B887 /* NRxSwiftDemo */;
			targetProxy = 1815E4411D1EB5A200C1B887 /* PBXContainerItemProxy */;
		};
/* End PBXTargetDependency section */

/* Begin PBXVariantGroup section */
		1815E4281D1EB5A200C1B887 /* Main.storyboard */ = {
			isa = PBXVariantGroup;
			children = (
				1815E4291D1EB5A200C1B887 /* Base */,
			);
			name = Main.storyboard;
			sourceTree = "<group>";
		};
		1815E42D1D1EB5A200C1B887 /* LaunchScreen.storyboard */ = {
			isa = PBXVariantGroup;
			children = (
				1815E42E1D1EB5A200C1B887 /* Base */,
			);
			name = LaunchScreen.storyboard;
			sourceTree = "<group>";
		};
/* End PBXVariantGroup section */

/* Begin XCBuildConfiguration section */
		1815E4471D1EB5A200C1B887 /* Debug */ = {
			isa = XCBuildConfiguration;
			buildSettings = {
				ALWAYS_SEARCH_USER_PATHS = NO;
				CLANG_ANALYZER_NONNULL = YES;
				CLANG_CXX_LANGUAGE_STANDARD = "gnu++0x";
				CLANG_CXX_LIBRARY = "libc++";
				CLANG_ENABLE_MODULES = YES;
				CLANG_ENABLE_OBJC_ARC = YES;
				CLANG_WARN_BOOL_CONVERSION = YES;
				CLANG_WARN_CONSTANT_CONVERSION = YES;
				CLANG_WARN_DIRECT_OBJC_ISA_USAGE = YES_ERROR;
				CLANG_WARN_EMPTY_BODY = YES;
				CLANG_WARN_ENUM_CONVERSION = YES;
				CLANG_WARN_INT_CONVERSION = YES;
				CLANG_WARN_OBJC_ROOT_CLASS = YES_ERROR;
				CLANG_WARN_UNREACHABLE_CODE = YES;
				CLANG_WARN__DUPLICATE_METHOD_MATCH = YES;
				"CODE_SIGN_IDENTITY[sdk=iphoneos*]" = "iPhone Developer";
				COPY_PHASE_STRIP = NO;
				DEBUG_INFORMATION_FORMAT = dwarf;
				ENABLE_STRICT_OBJC_MSGSEND = YES;
				ENABLE_TESTABILITY = YES;
				GCC_C_LANGUAGE_STANDARD = gnu99;
				GCC_DYNAMIC_NO_PIC = NO;
				GCC_NO_COMMON_BLOCKS = YES;
				GCC_OPTIMIZATION_LEVEL = 0;
				GCC_PREPROCESSOR_DEFINITIONS = (
					"DEBUG=1",
					"$(inherited)",
				);
				GCC_WARN_64_TO_32_BIT_CONVERSION = YES;
				GCC_WARN_ABOUT_RETURN_TYPE = YES_ERROR;
				GCC_WARN_UNDECLARED_SELECTOR = YES;
				GCC_WARN_UNINITIALIZED_AUTOS = YES_AGGRESSIVE;
				GCC_WARN_UNUSED_FUNCTION = YES;
				GCC_WARN_UNUSED_VARIABLE = YES;
				IPHONEOS_DEPLOYMENT_TARGET = 9.3;
				MTL_ENABLE_DEBUG_INFO = YES;
				ONLY_ACTIVE_ARCH = YES;
				SDKROOT = iphoneos;
				SWIFT_OPTIMIZATION_LEVEL = "-Onone";
				TARGETED_DEVICE_FAMILY = "1,2";
			};
			name = Debug;
		};
		1815E4481D1EB5A200C1B887 /* Release */ = {
			isa = XCBuildConfiguration;
			buildSettings = {
				ALWAYS_SEARCH_USER_PATHS = NO;
				CLANG_ANALYZER_NONNULL = YES;
				CLANG_CXX_LANGUAGE_STANDARD = "gnu++0x";
				CLANG_CXX_LIBRARY = "libc++";
				CLANG_ENABLE_MODULES = YES;
				CLANG_ENABLE_OBJC_ARC = YES;
				CLANG_WARN_BOOL_CONVERSION = YES;
				CLANG_WARN_CONSTANT_CONVERSION = YES;
				CLANG_WARN_DIRECT_OBJC_ISA_USAGE = YES_ERROR;
				CLANG_WARN_EMPTY_BODY = YES;
				CLANG_WARN_ENUM_CONVERSION = YES;
				CLANG_WARN_INT_CONVERSION = YES;
				CLANG_WARN_OBJC_ROOT_CLASS = YES_ERROR;
				CLANG_WARN_UNREACHABLE_CODE = YES;
				CLANG_WARN__DUPLICATE_METHOD_MATCH = YES;
				"CODE_SIGN_IDENTITY[sdk=iphoneos*]" = "iPhone Developer";
				COPY_PHASE_STRIP = NO;
				DEBUG_INFORMATION_FORMAT = "dwarf-with-dsym";
				ENABLE_NS_ASSERTIONS = NO;
				ENABLE_STRICT_OBJC_MSGSEND = YES;
				GCC_C_LANGUAGE_STANDARD = gnu99;
				GCC_NO_COMMON_BLOCKS = YES;
				GCC_WARN_64_TO_32_BIT_CONVERSION = YES;
				GCC_WARN_ABOUT_RETURN_TYPE = YES_ERROR;
				GCC_WARN_UNDECLARED_SELECTOR = YES;
				GCC_WARN_UNINITIALIZED_AUTOS = YES_AGGRESSIVE;
				GCC_WARN_UNUSED_FUNCTION = YES;
				GCC_WARN_UNUSED_VARIABLE = YES;
				IPHONEOS_DEPLOYMENT_TARGET = 9.3;
				MTL_ENABLE_DEBUG_INFO = NO;
				SDKROOT = iphoneos;
				TARGETED_DEVICE_FAMILY = "1,2";
				VALIDATE_PRODUCT = YES;
			};
			name = Release;
		};
		1815E44A1D1EB5A200C1B887 /* Debug */ = {
			isa = XCBuildConfiguration;
			buildSettings = {
				ASSETCATALOG_COMPILER_APPICON_NAME = AppIcon;
				FRAMEWORK_SEARCH_PATHS = "${SRCROOT}/../Carthage/Build/iOS";
				INFOPLIST_FILE = NRxSwiftDemo/Info.plist;
				LD_RUNPATH_SEARCH_PATHS = "$(inherited) @executable_path/Frameworks";
				PRODUCT_BUNDLE_IDENTIFIER = com.cornerteam.NRxSwiftDemo;
				PRODUCT_NAME = "$(TARGET_NAME)";
			};
			name = Debug;
		};
		1815E44B1D1EB5A200C1B887 /* Release */ = {
			isa = XCBuildConfiguration;
			buildSettings = {
				ASSETCATALOG_COMPILER_APPICON_NAME = AppIcon;
				FRAMEWORK_SEARCH_PATHS = "${SRCROOT}/../Carthage/Build/iOS";
				INFOPLIST_FILE = NRxSwiftDemo/Info.plist;
				LD_RUNPATH_SEARCH_PATHS = "$(inherited) @executable_path/Frameworks";
				PRODUCT_BUNDLE_IDENTIFIER = com.cornerteam.NRxSwiftDemo;
				PRODUCT_NAME = "$(TARGET_NAME)";
			};
			name = Release;
		};
		1815E44D1D1EB5A200C1B887 /* Debug */ = {
			isa = XCBuildConfiguration;
			buildSettings = {
				BUNDLE_LOADER = "$(TEST_HOST)";
				INFOPLIST_FILE = NRxSwiftDemoTests/Info.plist;
				LD_RUNPATH_SEARCH_PATHS = "$(inherited) @executable_path/Frameworks @loader_path/Frameworks";
				PRODUCT_BUNDLE_IDENTIFIER = com.cornerteam.NRxSwiftDemoTests;
				PRODUCT_NAME = "$(TARGET_NAME)";
				TEST_HOST = "$(BUILT_PRODUCTS_DIR)/NRxSwiftDemo.app/NRxSwiftDemo";
			};
			name = Debug;
		};
		1815E44E1D1EB5A200C1B887 /* Release */ = {
			isa = XCBuildConfiguration;
			buildSettings = {
				BUNDLE_LOADER = "$(TEST_HOST)";
				INFOPLIST_FILE = NRxSwiftDemoTests/Info.plist;
				LD_RUNPATH_SEARCH_PATHS = "$(inherited) @executable_path/Frameworks @loader_path/Frameworks";
				PRODUCT_BUNDLE_IDENTIFIER = com.cornerteam.NRxSwiftDemoTests;
				PRODUCT_NAME = "$(TARGET_NAME)";
				TEST_HOST = "$(BUILT_PRODUCTS_DIR)/NRxSwiftDemo.app/NRxSwiftDemo";
			};
			name = Release;
		};
		1815E4501D1EB5A200C1B887 /* Debug */ = {
			isa = XCBuildConfiguration;
			buildSettings = {
				INFOPLIST_FILE = NRxSwiftDemoUITests/Info.plist;
				LD_RUNPATH_SEARCH_PATHS = "$(inherited) @executable_path/Frameworks @loader_path/Frameworks";
				PRODUCT_BUNDLE_IDENTIFIER = com.cornerteam.NRxSwiftDemoUITests;
				PRODUCT_NAME = "$(TARGET_NAME)";
				TEST_TARGET_NAME = NRxSwiftDemo;
			};
			name = Debug;
		};
		1815E4511D1EB5A200C1B887 /* Release */ = {
			isa = XCBuildConfiguration;
			buildSettings = {
				INFOPLIST_FILE = NRxSwiftDemoUITests/Info.plist;
				LD_RUNPATH_SEARCH_PATHS = "$(inherited) @executable_path/Frameworks @loader_path/Frameworks";
				PRODUCT_BUNDLE_IDENTIFIER = com.cornerteam.NRxSwiftDemoUITests;
				PRODUCT_NAME = "$(TARGET_NAME)";
				TEST_TARGET_NAME = NRxSwiftDemo;
			};
			name = Release;
		};
/* End XCBuildConfiguration section */

/* Begin XCConfigurationList section */
		1815E41C1D1EB5A200C1B887 /* Build configuration list for PBXProject "NRxSwiftDemo" */ = {
			isa = XCConfigurationList;
			buildConfigurations = (
				1815E4471D1EB5A200C1B887 /* Debug */,
				1815E4481D1EB5A200C1B887 /* Release */,
			);
			defaultConfigurationIsVisible = 0;
			defaultConfigurationName = Release;
		};
		1815E4491D1EB5A200C1B887 /* Build configuration list for PBXNativeTarget "NRxSwiftDemo" */ = {
			isa = XCConfigurationList;
			buildConfigurations = (
				1815E44A1D1EB5A200C1B887 /* Debug */,
				1815E44B1D1EB5A200C1B887 /* Release */,
			);
			defaultConfigurationIsVisible = 0;
			defaultConfigurationName = Release;
		};
		1815E44C1D1EB5A200C1B887 /* Build configuration list for PBXNativeTarget "NRxSwiftDemoTests" */ = {
			isa = XCConfigurationList;
			buildConfigurations = (
				1815E44D1D1EB5A200C1B887 /* Debug */,
				1815E44E1D1EB5A200C1B887 /* Release */,
			);
			defaultConfigurationIsVisible = 0;
			defaultConfigurationName = Release;
		};
		1815E44F1D1EB5A200C1B887 /* Build configuration list for PBXNativeTarget "NRxSwiftDemoUITests" */ = {
			isa = XCConfigurationList;
			buildConfigurations = (
				1815E4501D1EB5A200C1B887 /* Debug */,
				1815E4511D1EB5A200C1B887 /* Release */,
			);
			defaultConfigurationIsVisible = 0;
			defaultConfigurationName = Release;
		};
/* End XCConfigurationList section */
	};
	rootObject = 1815E4191D1EB5A200C1B887 /* Project object */;
}
